
Microsoft Visual Studio Solution File, Format Version 12.00
# Visual Studio Version 16
VisualStudioVersion = 16.0.31205.134
MinimumVisualStudioVersion = 10.0.40219.1
Project("{FAE04EC0-301F-11D3-BF4B-00C04F79EFBC}") = "MvcProjeKampi", "MvcProjeKampi\MvcProjeKampi.csproj", "{77B65FD8-D830-4FEB-A647-4FDB9AEEACBA}"
EndProject
Project("{FAE04EC0-301F-11D3-BF4B-00C04F79EFBC}") = "EntityLayer", "EntityLayer\EntityLayer.csproj", "{BB061E4D-B5C1-42DA-832D-4D9A2027C4BE}"
EndProject
Project("{FAE04EC0-301F-11D3-BF4B-00C04F79EFBC}") = "DataAccessLayer", "DataAccessLayer\DataAccessLayer.csproj", "{953F8DFA-8FDB-4358-AA17-7BDFB3788E7B}"
EndProject
Project("{FAE04EC0-301F-11D3-BF4B-00C04F79EFBC}") = "BusinessLayer", "BusinessLayer\BusinessLayer.csproj", "{7D9B472A-84A6-445C-BFF5-F76F74F2C9B1}"
EndProject
Global
	GlobalSection(SolutionConfigurationPlatforms) = preSolution
		Debug|Any CPU = Debug|Any CPU
		Release|Any CPU = Release|Any CPU
	EndGlobalSection
	GlobalSection(ProjectConfigurationPlatforms) = postSolution
		{77B65FD8-D830-4FEB-A647-4FDB9AEEACBA}.Debug|Any CPU.ActiveCfg = Debug|Any CPU
		{77B65FD8-D830-4FEB-A647-4FDB9AEEACBA}.Debug|Any CPU.Build.0 = Debug|Any CPU
		{77B65FD8-D830-4FEB-A647-4FDB9AEEACBA}.Release|Any CPU.ActiveCfg = Release|Any CPU
		{77B65FD8-D830-4FEB-A647-4FDB9AEEACBA}.Release|Any CPU.Build.0 = Release|Any CPU
		{BB061E4D-B5C1-42DA-832D-4D9A2027C4BE}.Debug|Any CPU.ActiveCfg = Debug|Any CPU
		{BB061E4D-B5C1-42DA-832D-4D9A2027C4BE}.Debug|Any CPU.Build.0 = Debug|Any CPU
		{BB061E4D-B5C1-42DA-832D-4D9A2027C4BE}.Release|Any CPU.ActiveCfg = Release|Any CPU
		{BB061E4D-B5C1-42DA-832D-4D9A2027C4BE}.Release|Any CPU.Build.0 = Release|Any CPU
		{953F8DFA-8FDB-4358-AA17-7BDFB3788E7B}.Debug|Any CPU.ActiveCfg = Debug|Any CPU
		{953F8DFA-8FDB-4358-AA17-7BDFB3788E7B}.Debug|Any CPU.Build.0 = Debug|Any CPU
		{953F8DFA-8FDB-4358-AA17-7BDFB3788E7B}.Release|Any CPU.ActiveCfg = Release|Any CPU
		{953F8DFA-8FDB-4358-AA17-7BDFB3788E7B}.Release|Any CPU.Build.0 = Release|Any CPU
		{7D9B472A-84A6-445C-BFF5-F76F74F2C9B1}.Debug|Any CPU.ActiveCfg = Debug|Any CPU
		{7D9B472A-84A6-445C-BFF5-F76F74F2C9B1}.Debug|Any CPU.Build.0 = Debug|Any CPU
		{7D9B472A-84A6-445C-BFF5-F76F74F2C9B1}.Release|Any CPU.ActiveCfg = Release|Any CPU
		{7D9B472A-84A6-445C-BFF5-F76F74F2C9B1}.Release|Any CPU.Build.0 = Release|Any CPU
	EndGlobalSection
	GlobalSection(SolutionProperties) = preSolution
		HideSolutionNode = FALSE
	EndGlobalSection
	GlobalSection(ExtensibilityGlobals) = postSolution
		SolutionGuid = {3D45CFDE-C493-42E9-9687-29A9C965E995}
	EndGlobalSection
EndGlobal
